{
  "name": "hello-app-node",
  "version": "1.0.0",
  "lockfileVersion": 3,
  "requires": true,
  "packages": {
    "": {
      "name": "hello-app-node",
      "version": "1.0.0",
      "dependencies": {
        "express": "^5.2.1"
      }
    },
    "node_modules/express": {
      "version": "5.2.1",
      "resolved": "https://registry.npmjs.org/express/-/express-5.2.1.tgz",
      "integrity": "sha512-jbzbvCVCgGFMCH7CJCdWfxGs5Z5Jr4MZv1gAeKgRSYlvBNDyAhJB5bSUTVQ9MHy0NXg4Bc8FLHkOr6dkdSYg==",
      "dependencies": {
        "accepts": "~2.0.0",
        "body-parser": "^2.2.0",
        "content-disposition": "~0.5.4",
        "content-type": "~1.0.4",
        "cookie": "~0.7.2",
        "cookie-signature": "^1.2.2",
        "debug": "2.6.9",
        "depd": "2.0.0",
        "encodeurl": "~2.0.0",
        "escape-html": "~1.0.3",
        "etag": "~1.8.1",
        "finalhandler": "~2.1.0",
        "fresh": "^0.5.2",
        "http-errors": "~2.0.0",
        "merge-descriptors": "^2.0.0",
        "methods": "~1.1.2",
        "mime-types": "^3.0.0",
        "on-finished": "2.4.1",
        "once": "^1.4.0",
        "parseurl": "~1.3.3",
        "proxy-addr": "~2.0.7",
        "qs": "6.13.0",
        "range-parser": "~1.2.1",
        "router": "^2.2.0",
        "send": "^1.1.0",
        "serve-static": "^2.2.0",
        "setprototypeof": "1.2.0",
        "statuses": "2.0.1",
        "type-is": "~2.0.0",
        "utils-merge": "1.0.1",
        "vary": "~1.1.2"
      },
      "engines": {
        "node": ">= 0.10.0"
      }
    }
  }
}
